
Microsoft Visual Studio Solution File, Format Version 12.00
# Visual Studio Version 17
VisualStudioVersion = 17.3.32929.385
MinimumVisualStudioVersion = 10.0.40219.1
Project("{FAE04EC0-301F-11D3-BF4B-00C04F79EFBC}") = "WebApiEscuela", "WebApiEscuela\WebApiEscuela.csproj", "{F98CB8B0-E8D6-4E49-A9C1-CCF35A27E324}"
EndProject
Global
	GlobalSection(SolutionConfigurationPlatforms) = preSolution
		Debug|Any CPU = Debug|Any CPU
		Release|Any CPU = Release|Any CPU
	EndGlobalSection
	GlobalSection(ProjectConfigurationPlatforms) = postSolution
		{F98CB8B0-E8D6-4E49-A9C1-CCF35A27E324}.Debug|Any CPU.ActiveCfg = Debug|Any CPU
		{F98CB8B0-E8D6-4E49-A9C1-CCF35A27E324}.Debug|Any CPU.Build.0 = Debug|Any CPU
		{F98CB8B0-E8D6-4E49-A9C1-CCF35A27E324}.Release|Any CPU.ActiveCfg = Release|Any CPU
		{F98CB8B0-E8D6-4E49-A9C1-CCF35A27E324}.Release|Any CPU.Build.0 = Release|Any CPU
	EndGlobalSection
	GlobalSection(SolutionProperties) = preSolution
		HideSolutionNode = FALSE
	EndGlobalSection
	GlobalSection(ExtensibilityGlobals) = postSolution
		SolutionGuid = {85E87E74-FB71-4082-9718-06818D93C7FB}
	EndGlobalSection
EndGlobal
